
Microsoft Visual Studio Solution File, Format Version 12.00
# Visual Studio Version 17
VisualStudioVersion = 17.11.35312.102
MinimumVisualStudioVersion = 10.0.40219.1
Project("{9A19103F-16F7-4668-BE54-9A1E7A4F7556}") = "SistemaInventarioNetCoreV1", "SistemaInventarioNetCoreV1\SistemaInventarioNetCoreV1.csproj", "{355C8C97-65BC-44D0-AFFC-FC119E6B472A}"
EndProject
Project("{9A19103F-16F7-4668-BE54-9A1E7A4F7556}") = "SistemaInventarioNetCoreV1.AccesoDatos", "SistemaInventarioNetCoreV1.AccesoDatos\SistemaInventarioNetCoreV1.AccesoDatos.csproj", "{A605BF0D-1FA6-4FCB-89C9-7CB0AE6000F3}"
EndProject
Project("{9A19103F-16F7-4668-BE54-9A1E7A4F7556}") = "SistemaInventarioNetCoreV1.Modelos", "SistemaInventarioNetCoreV1.Modelos\SistemaInventarioNetCoreV1.Modelos.csproj", "{D626B83E-B68A-45BE-971B-769EC653D4C6}"
EndProject
Project("{9A19103F-16F7-4668-BE54-9A1E7A4F7556}") = "SistemaInventarioNetCoreV1.Utilidades", "SistemaInventarioNetCoreV1.Utilidades\SistemaInventarioNetCoreV1.Utilidades.csproj", "{EB9B0839-E2FD-4F43-8573-5EBC700F0B20}"
EndProject
Global
	GlobalSection(SolutionConfigurationPlatforms) = preSolution
		Debug|Any CPU = Debug|Any CPU
		Release|Any CPU = Release|Any CPU
	EndGlobalSection
	GlobalSection(ProjectConfigurationPlatforms) = postSolution
		{355C8C97-65BC-44D0-AFFC-FC119E6B472A}.Debug|Any CPU.ActiveCfg = Debug|Any CPU
		{355C8C97-65BC-44D0-AFFC-FC119E6B472A}.Debug|Any CPU.Build.0 = Debug|Any CPU
		{355C8C97-65BC-44D0-AFFC-FC119E6B472A}.Release|Any CPU.ActiveCfg = Release|Any CPU
		{355C8C97-65BC-44D0-AFFC-FC119E6B472A}.Release|Any CPU.Build.0 = Release|Any CPU
		{A605BF0D-1FA6-4FCB-89C9-7CB0AE6000F3}.Debug|Any CPU.ActiveCfg = Debug|Any CPU
		{A605BF0D-1FA6-4FCB-89C9-7CB0AE6000F3}.Debug|Any CPU.Build.0 = Debug|Any CPU
		{A605BF0D-1FA6-4FCB-89C9-7CB0AE6000F3}.Release|Any CPU.ActiveCfg = Release|Any CPU
		{A605BF0D-1FA6-4FCB-89C9-7CB0AE6000F3}.Release|Any CPU.Build.0 = Release|Any CPU
		{D626B83E-B68A-45BE-971B-769EC653D4C6}.Debug|Any CPU.ActiveCfg = Debug|Any CPU
		{D626B83E-B68A-45BE-971B-769EC653D4C6}.Debug|Any CPU.Build.0 = Debug|Any CPU
		{D626B83E-B68A-45BE-971B-769EC653D4C6}.Release|Any CPU.ActiveCfg = Release|Any CPU
		{D626B83E-B68A-45BE-971B-769EC653D4C6}.Release|Any CPU.Build.0 = Release|Any CPU
		{EB9B0839-E2FD-4F43-8573-5EBC700F0B20}.Debug|Any CPU.ActiveCfg = Debug|Any CPU
		{EB9B0839-E2FD-4F43-8573-5EBC700F0B20}.Debug|Any CPU.Build.0 = Debug|Any CPU
		{EB9B0839-E2FD-4F43-8573-5EBC700F0B20}.Release|Any CPU.ActiveCfg = Release|Any CPU
		{EB9B0839-E2FD-4F43-8573-5EBC700F0B20}.Release|Any CPU.Build.0 = Release|Any CPU
	EndGlobalSection
	GlobalSection(SolutionProperties) = preSolution
		HideSolutionNode = FALSE
	EndGlobalSection
	GlobalSection(ExtensibilityGlobals) = postSolution
		SolutionGuid = {50D251D9-61FD-400A-A894-6AD233329BDC}
	EndGlobalSection
EndGlobal
